// !$*UTF8*$!
{
	archiveVersion = 1;
	classes = {
	};
	objectVersion = 77;
	objects = {

/* Begin PBXBuildFile section */
		0476DF28313AE4903540F910 /* Overlays.swift in Sources */ = {isa = PBXBuildFile; fileRef = A8F8E2174F61ABE97F5D032F /* Overlays.swift */; };
		06759C6BD423EFB4143E8C9A /* EarlierApp.swift in Sources */ = {isa = PBXBuildFile; fileRef = D923E0E63DDBFEA319334668 /* EarlierApp.swift */; };
		096E0D30EC66F9E17080240C /* AlarmKitScheduler.swift in Sources */ = {isa = PBXBuildFile; fileRef = 9B4AE8D80037AD7A93BFBE63 /* AlarmKitScheduler.swift */; };
		09A33A118E77C49D233CB600 /* SVG.swift in Sources */ = {isa = PBXBuildFile; fileRef = 2260CAED34A5018332A69C28 /* SVG.swift */; };
		0B62C2E9BB68AD788F1DBB5D /* PlusJakartaSans-Medium.ttf in Resources */ = {isa = PBXBuildFile; fileRef = 330D85C2CFAF8D8449D44CFB /* PlusJakartaSans-Medium.ttf */; };
		129FB989703C12654E925881 /* AlarmRingingView.swift in Sources */ = {isa = PBXBuildFile; fileRef = BB0EB2DDD918DB5E1401D63B /* AlarmRingingView.swift */; };
		13FFB7A9A6AFDFFF0814BAC9 /* Assets.xcassets in Resources */ = {isa = PBXBuildFile; fileRef = EA2429B16A6B4CD7CE98F452 /* Assets.xcassets */; };
		18ECE67626B632CF9820B25F /* BlockingStore.swift in Sources */ = {isa = PBXBuildFile; fileRef = 553150B8017171B34E53E7EC /* BlockingStore.swift */; };
		1A13091BB5A5D0F2ED750C14 /* Models.swift in Sources */ = {isa = PBXBuildFile; fileRef = BB8F82491B04B9B20618DCCF /* Models.swift */; };
		1ADBBD3EC9B346B30D15EAE5 /* Icons.swift in Sources */ = {isa = PBXBuildFile; fileRef = 71B55A8E0079701CAB3CF502 /* Icons.swift */; };
		1CE0ADB54450210E7E7BE3C9 /* OnboardingState.swift in Sources */ = {isa = PBXBuildFile; fileRef = 81973DE64599DF9344A7224E /* OnboardingState.swift */; };
		241DC4129E2113450E14366A /* AlarmCenter.swift in Sources */ = {isa = PBXBuildFile; fileRef = 61FE27E6048AD138077B182F /* AlarmCenter.swift */; };
		2421CA3BCB56B95D7C26C5F7 /* AppLinks.swift in Sources */ = {isa = PBXBuildFile; fileRef = 712E95B941E0C52E618279DA /* AppLinks.swift */; };
		2C87077E2C2FCF5E5995C6CA /* ModalKit.swift in Sources */ = {isa = PBXBuildFile; fileRef = 0DC2E0E025F8F4CE2BFB7DB0 /* ModalKit.swift */; };
		2FBD4CB8BBECD5361F6C3936 /* PlusJakartaSans-ExtraBold.ttf in Resources */ = {isa = PBXBuildFile; fileRef = 1C9BEFB0B491B855B9724C11 /* PlusJakartaSans-ExtraBold.ttf */; };
		356F1100990764CD83E38F68 /* AlarmEditorView.swift in Sources */ = {isa = PBXBuildFile; fileRef = C3433CE865A49C7B7A6B50D3 /* AlarmEditorView.swift */; };
		3833D62AC427976C3B16C6B8 /* RepsChallenge.swift in Sources */ = {isa = PBXBuildFile; fileRef = BE607EAF85880D5EF2408DCE /* RepsChallenge.swift */; };
		3B8DF5920B7F5C78A55BED97 /* AlarmView.swift in Sources */ = {isa = PBXBuildFile; fileRef = C115A7B22EA59575F5C083CA /* AlarmView.swift */; };
		52C89B13DD7F53230BDA5AEE /* AppState.swift in Sources */ = {isa = PBXBuildFile; fileRef = 9C1FD6A532581113F569AD0B /* AppState.swift */; };
		559059AADC660DB556937780 /* OnboardingChrome.swift in Sources */ = {isa = PBXBuildFile; fileRef = 046B5A3353ADFF95D8226F39 /* OnboardingChrome.swift */; };
		66D43A1607F70BF0151FC842 /* MathChallenge.swift in Sources */ = {isa = PBXBuildFile; fileRef = D0D20BC55494A09CA5A26071 /* MathChallenge.swift */; };
		683B0AF25E6AA30CA7650583 /* ChallengeKit.swift in Sources */ = {isa = PBXBuildFile; fileRef = 230B8215B82A3DEA249F0C0E /* ChallengeKit.swift */; };
		6983BD968B1B9D4FA3A2BFBD /* PaywallScreen.swift in Sources */ = {isa = PBXBuildFile; fileRef = 4BA12AF213B3D3BCB74E9D47 /* PaywallScreen.swift */; };
		6B5458279D30D0B5D36318C4 /* Stats.swift in Sources */ = {isa = PBXBuildFile; fileRef = 7601B661761A27F687B740E3 /* Stats.swift */; };
		704981B329895835B15E5C33 /* BedtimeGuardView.swift in Sources */ = {isa = PBXBuildFile; fileRef = B509065AE6DB8097F658DB21 /* BedtimeGuardView.swift */; };
		7875414EA75D1BD01FD5B184 /* ReadAloudChallenge.swift in Sources */ = {isa = PBXBuildFile; fileRef = 03FD1229BBED703E9F9B242E /* ReadAloudChallenge.swift */; };
		7A6B6B649551AAB4936B028D /* PlusJakartaSans-Regular.ttf in Resources */ = {isa = PBXBuildFile; fileRef = A628045CD65DFEA96CEAB698 /* PlusJakartaSans-Regular.ttf */; };
		83A77003590D5E5339B47224 /* WindDownView.swift in Sources */ = {isa = PBXBuildFile; fileRef = E1FF4509A5B891B04187A8E7 /* WindDownView.swift */; };
		8D9108970C2AFABDAFC82A15 /* OnboardingFlow.swift in Sources */ = {isa = PBXBuildFile; fileRef = F8E5C0E577FE99968BFA6274 /* OnboardingFlow.swift */; };
		97C501E323EABE994E911AB6 /* OnboardingIcons.swift in Sources */ = {isa = PBXBuildFile; fileRef = 2F956C12B3B4B1857ABB9F6F /* OnboardingIcons.swift */; };
		A737AB4A62E7083E5C45C98B /* Theme.swift in Sources */ = {isa = PBXBuildFile; fileRef = 568CC05EDE60B42A007A63A2 /* Theme.swift */; };
		A7E59D88AEBA61C2B471FBB5 /* PersistModels.swift in Sources */ = {isa = PBXBuildFile; fileRef = 02592F4F6108F52D03A1306A /* PersistModels.swift */; };
		AAA399102C2E0E38FD8CD1BD /* HomeView.swift in Sources */ = {isa = PBXBuildFile; fileRef = 1FAF566FB5E7E0294140845A /* HomeView.swift */; };
		AAE08C2C9D2D968AEE7196AE /* HistoryView.swift in Sources */ = {isa = PBXBuildFile; fileRef = C7020382CB5F4D261AC03F1F /* HistoryView.swift */; };
		AC36688E86A0FA22671589AB /* AlarmTone.swift in Sources */ = {isa = PBXBuildFile; fileRef = 1328047BD3E4DE782D7F9B0D /* AlarmTone.swift */; };
		ADF052FB5AA38CE97A0CF6C1 /* OnboardingScreensA.swift in Sources */ = {isa = PBXBuildFile; fileRef = 2080E7607159AD1C511FD2B2 /* OnboardingScreensA.swift */; };
		B41180A000145F99F227AFAF /* SupabaseConfig.swift in Sources */ = {isa = PBXBuildFile; fileRef = E4389AF6B24C1CB1DC147C16 /* SupabaseConfig.swift */; };
		B4601CAAD8A5B31CD650C889 /* BedtimeEditorView.swift in Sources */ = {isa = PBXBuildFile; fileRef = 6A0C7A384280188F1A1C5EE8 /* BedtimeEditorView.swift */; };
		C13A1BE42174F9E87687050E /* Sheets.swift in Sources */ = {isa = PBXBuildFile; fileRef = 8018B51C230FC006C24F0636 /* Sheets.swift */; };
		C51AAD45F8BA7E9EEA31F490 /* Components.swift in Sources */ = {isa = PBXBuildFile; fileRef = 6C0ED96E7A00DCFD808321E8 /* Components.swift */; };
		CD839BE0DD0B96D3E807ED62 /* RootView.swift in Sources */ = {isa = PBXBuildFile; fileRef = 8D8A4444EEC5506BFFB25422 /* RootView.swift */; };
		D1D379B869237E012B7F6916 /* DayPicker.swift in Sources */ = {isa = PBXBuildFile; fileRef = FA6CD74D86361249D750B403 /* DayPicker.swift */; };
		D5487E30D94539A3CC5BDE48 /* alarm.caf in Resources */ = {isa = PBXBuildFile; fileRef = 9429A44DF1EFBAA13F19AC82 /* alarm.caf */; };
		D7C24B56BF7422BA9CE7AD25 /* SettingsView.swift in Sources */ = {isa = PBXBuildFile; fileRef = 4B60F766CDD362F80C30BA38 /* SettingsView.swift */; };
		E2DE43A33ACF960592E4E21F /* PlusJakartaSans-SemiBold.ttf in Resources */ = {isa = PBXBuildFile; fileRef = D70554A4F3B146713D753CCB /* PlusJakartaSans-SemiBold.ttf */; };
		E88E3ACBD9F35BAA2C33A2E1 /* PlusJakartaSans-Bold.ttf in Resources */ = {isa = PBXBuildFile; fileRef = 4F51BCCE23FC80668FBABE0D /* PlusJakartaSans-Bold.ttf */; };
		EC9660DB7A62080CE2AD777F /* BedtimeView.swift in Sources */ = {isa = PBXBuildFile; fileRef = 427BFFEBD9203FCEC7F9F5C5 /* BedtimeView.swift */; };
		F0B23964468AAA3D7A87AA76 /* OnboardingScreensB.swift in Sources */ = {isa = PBXBuildFile; fileRef = 552170F6D163029FDBBD7FA6 /* OnboardingScreensB.swift */; };
/* End PBXBuildFile section */

/* Begin PBXFileReference section */
		02592F4F6108F52D03A1306A /* PersistModels.swift */ = {isa = PBXFileReference; lastKnownFileType = sourcecode.swift; path = PersistModels.swift; sourceTree = "<group>"; };
		03FD1229BBED703E9F9B242E /* ReadAloudChallenge.swift */ = {isa = PBXFileReference; lastKnownFileType = sourcecode.swift; path = ReadAloudChallenge.swift; sourceTree = "<group>"; };
		046B5A3353ADFF95D8226F39 /* OnboardingChrome.swift */ = {isa = PBXFileReference; lastKnownFileType = sourcecode.swift; path = OnboardingChrome.swift; sourceTree = "<group>"; };
		0DC2E0E025F8F4CE2BFB7DB0 /* ModalKit.swift */ = {isa = PBXFileReference; lastKnownFileType = sourcecode.swift; path = ModalKit.swift; sourceTree = "<group>"; };
		1328047BD3E4DE782D7F9B0D /* AlarmTone.swift */ = {isa = PBXFileReference; lastKnownFileType = sourcecode.swift; path = AlarmTone.swift; sourceTree = "<group>"; };
		1C9BEFB0B491B855B9724C11 /* PlusJakartaSans-ExtraBold.ttf */ = {isa = PBXFileReference; lastKnownFileType = file; path = "PlusJakartaSans-ExtraBold.ttf"; sourceTree = "<group>"; };
		1FAF566FB5E7E0294140845A /* HomeView.swift */ = {isa = PBXFileReference; lastKnownFileType = sourcecode.swift; path = HomeView.swift; sourceTree = "<group>"; };
		2080E7607159AD1C511FD2B2 /* OnboardingScreensA.swift */ = {isa = PBXFileReference; lastKnownFileType = sourcecode.swift; path = OnboardingScreensA.swift; sourceTree = "<group>"; };
		2260CAED34A5018332A69C28 /* SVG.swift */ = {isa = PBXFileReference; lastKnownFileType = sourcecode.swift; path = SVG.swift; sourceTree = "<group>"; };
		230B8215B82A3DEA249F0C0E /* ChallengeKit.swift */ = {isa = PBXFileReference; lastKnownFileType = sourcecode.swift; path = ChallengeKit.swift; sourceTree = "<group>"; };
		2F956C12B3B4B1857ABB9F6F /* OnboardingIcons.swift */ = {isa = PBXFileReference; lastKnownFileType = sourcecode.swift; path = OnboardingIcons.swift; sourceTree = "<group>"; };
		330D85C2CFAF8D8449D44CFB /* PlusJakartaSans-Medium.ttf */ = {isa = PBXFileReference; lastKnownFileType = file; path = "PlusJakartaSans-Medium.ttf"; sourceTree = "<group>"; };
		427BFFEBD9203FCEC7F9F5C5 /* BedtimeView.swift */ = {isa = PBXFileReference; lastKnownFileType = sourcecode.swift; path = BedtimeView.swift; sourceTree = "<group>"; };
		4B60F766CDD362F80C30BA38 /* SettingsView.swift */ = {isa = PBXFileReference; lastKnownFileType = sourcecode.swift; path = SettingsView.swift; sourceTree = "<group>"; };
		4BA12AF213B3D3BCB74E9D47 /* PaywallScreen.swift */ = {isa = PBXFileReference; lastKnownFileType = sourcecode.swift; path = PaywallScreen.swift; sourceTree = "<group>"; };
		4F51BCCE23FC80668FBABE0D /* PlusJakartaSans-Bold.ttf */ = {isa = PBXFileReference; lastKnownFileType = file; path = "PlusJakartaSans-Bold.ttf"; sourceTree = "<group>"; };
		552170F6D163029FDBBD7FA6 /* OnboardingScreensB.swift */ = {isa = PBXFileReference; lastKnownFileType = sourcecode.swift; path = OnboardingScreensB.swift; sourceTree = "<group>"; };
		553150B8017171B34E53E7EC /* BlockingStore.swift */ = {isa = PBXFileReference; lastKnownFileType = sourcecode.swift; path = BlockingStore.swift; sourceTree = "<group>"; };
		568CC05EDE60B42A007A63A2 /* Theme.swift */ = {isa = PBXFileReference; lastKnownFileType = sourcecode.swift; path = Theme.swift; sourceTree = "<group>"; };
		61FE27E6048AD138077B182F /* AlarmCenter.swift */ = {isa = PBXFileReference; lastKnownFileType = sourcecode.swift; path = AlarmCenter.swift; sourceTree = "<group>"; };
		6A0C7A384280188F1A1C5EE8 /* BedtimeEditorView.swift */ = {isa = PBXFileReference; lastKnownFileType = sourcecode.swift; path = BedtimeEditorView.swift; sourceTree = "<group>"; };
		6C0ED96E7A00DCFD808321E8 /* Components.swift */ = {isa = PBXFileReference; lastKnownFileType = sourcecode.swift; path = Components.swift; sourceTree = "<group>"; };
		712E95B941E0C52E618279DA /* AppLinks.swift */ = {isa = PBXFileReference; lastKnownFileType = sourcecode.swift; path = AppLinks.swift; sourceTree = "<group>"; };
		71B55A8E0079701CAB3CF502 /* Icons.swift */ = {isa = PBXFileReference; lastKnownFileType = sourcecode.swift; path = Icons.swift; sourceTree = "<group>"; };
		7601B661761A27F687B740E3 /* Stats.swift */ = {isa = PBXFileReference; lastKnownFileType = sourcecode.swift; path = Stats.swift; sourceTree = "<group>"; };
		8018B51C230FC006C24F0636 /* Sheets.swift */ = {isa = PBXFileReference; lastKnownFileType = sourcecode.swift; path = Sheets.swift; sourceTree = "<group>"; };
		81973DE64599DF9344A7224E /* OnboardingState.swift */ = {isa = PBXFileReference; lastKnownFileType = sourcecode.swift; path = OnboardingState.swift; sourceTree = "<group>"; };
		8D8A4444EEC5506BFFB25422 /* RootView.swift */ = {isa = PBXFileReference; lastKnownFileType = sourcecode.swift; path = RootView.swift; sourceTree = "<group>"; };
		9429A44DF1EFBAA13F19AC82 /* alarm.caf */ = {isa = PBXFileReference; path = alarm.caf; sourceTree = "<group>"; };
		9B4AE8D80037AD7A93BFBE63 /* AlarmKitScheduler.swift */ = {isa = PBXFileReference; lastKnownFileType = sourcecode.swift; path = AlarmKitScheduler.swift; sourceTree = "<group>"; };
		9C1FD6A532581113F569AD0B /* AppState.swift */ = {isa = PBXFileReference; lastKnownFileType = sourcecode.swift; path = AppState.swift; sourceTree = "<group>"; };
		A628045CD65DFEA96CEAB698 /* PlusJakartaSans-Regular.ttf */ = {isa = PBXFileReference; lastKnownFileType = file; path = "PlusJakartaSans-Regular.ttf"; sourceTree = "<group>"; };
		A8F8E2174F61ABE97F5D032F /* Overlays.swift */ = {isa = PBXFileReference; lastKnownFileType = sourcecode.swift; path = Overlays.swift; sourceTree = "<group>"; };
		B509065AE6DB8097F658DB21 /* BedtimeGuardView.swift */ = {isa = PBXFileReference; lastKnownFileType = sourcecode.swift; path = BedtimeGuardView.swift; sourceTree = "<group>"; };
		BB0EB2DDD918DB5E1401D63B /* AlarmRingingView.swift */ = {isa = PBXFileReference; lastKnownFileType = sourcecode.swift; path = AlarmRingingView.swift; sourceTree = "<group>"; };
		BB8F82491B04B9B20618DCCF /* Models.swift */ = {isa = PBXFileReference; lastKnownFileType = sourcecode.swift; path = Models.swift; sourceTree = "<group>"; };
		BE607EAF85880D5EF2408DCE /* RepsChallenge.swift */ = {isa = PBXFileReference; lastKnownFileType = sourcecode.swift; path = RepsChallenge.swift; sourceTree = "<group>"; };
		C115A7B22EA59575F5C083CA /* AlarmView.swift */ = {isa = PBXFileReference; lastKnownFileType = sourcecode.swift; path = AlarmView.swift; sourceTree = "<group>"; };
		C3433CE865A49C7B7A6B50D3 /* AlarmEditorView.swift */ = {isa = PBXFileReference; lastKnownFileType = sourcecode.swift; path = AlarmEditorView.swift; sourceTree = "<group>"; };
		C7020382CB5F4D261AC03F1F /* HistoryView.swift */ = {isa = PBXFileReference; lastKnownFileType = sourcecode.swift; path = HistoryView.swift; sourceTree = "<group>"; };
		CE4EB95E47CFA68036C7DCF8 /* Earlier.app */ = {isa = PBXFileReference; includeInIndex = 0; lastKnownFileType = wrapper.application; path = Earlier.app; sourceTree = BUILT_PRODUCTS_DIR; };
		D0D20BC55494A09CA5A26071 /* MathChallenge.swift */ = {isa = PBXFileReference; lastKnownFileType = sourcecode.swift; path = MathChallenge.swift; sourceTree = "<group>"; };
		D59BE93B5C884DD76894BAC3 /* Info.plist */ = {isa = PBXFileReference; lastKnownFileType = text.plist; path = Info.plist; sourceTree = "<group>"; };
		D70554A4F3B146713D753CCB /* PlusJakartaSans-SemiBold.ttf */ = {isa = PBXFileReference; lastKnownFileType = file; path = "PlusJakartaSans-SemiBold.ttf"; sourceTree = "<group>"; };
		D923E0E63DDBFEA319334668 /* EarlierApp.swift */ = {isa = PBXFileReference; lastKnownFileType = sourcecode.swift; path = EarlierApp.swift; sourceTree = "<group>"; };
		E1FF4509A5B891B04187A8E7 /* WindDownView.swift */ = {isa = PBXFileReference; lastKnownFileType = sourcecode.swift; path = WindDownView.swift; sourceTree = "<group>"; };
		E4389AF6B24C1CB1DC147C16 /* SupabaseConfig.swift */ = {isa = PBXFileReference; lastKnownFileType = sourcecode.swift; path = SupabaseConfig.swift; sourceTree = "<group>"; };
		EA2429B16A6B4CD7CE98F452 /* Assets.xcassets */ = {isa = PBXFileReference; lastKnownFileType = folder.assetcatalog; path = Assets.xcassets; sourceTree = "<group>"; };
		F8E5C0E577FE99968BFA6274 /* OnboardingFlow.swift */ = {isa = PBXFileReference; lastKnownFileType = sourcecode.swift; path = OnboardingFlow.swift; sourceTree = "<group>"; };
		FA6CD74D86361249D750B403 /* DayPicker.swift */ = {isa = PBXFileReference; lastKnownFileType = sourcecode.swift; path = DayPicker.swift; sourceTree = "<group>"; };
/* End PBXFileReference section */

/* Begin PBXGroup section */
		075695B545569DE93DAE5363 /* Challenges */ = {
			isa = PBXGroup;
			children = (
				230B8215B82A3DEA249F0C0E /* ChallengeKit.swift */,
				D0D20BC55494A09CA5A26071 /* MathChallenge.swift */,
				03FD1229BBED703E9F9B242E /* ReadAloudChallenge.swift */,
				BE607EAF85880D5EF2408DCE /* RepsChallenge.swift */,
			);
			path = Challenges;
			sourceTree = "<group>";
		};
		12713C2C427660EF6E9BD981 /* Store */ = {
			isa = PBXGroup;
			children = (
				712E95B941E0C52E618279DA /* AppLinks.swift */,
				553150B8017171B34E53E7EC /* BlockingStore.swift */,
				FA6CD74D86361249D750B403 /* DayPicker.swift */,
				02592F4F6108F52D03A1306A /* PersistModels.swift */,
				7601B661761A27F687B740E3 /* Stats.swift */,
				E4389AF6B24C1CB1DC147C16 /* SupabaseConfig.swift */,
			);
			path = Store;
			sourceTree = "<group>";
		};
		40FC004FCBC3C659793B6E90 /* Fonts */ = {
			isa = PBXGroup;
			children = (
				4F51BCCE23FC80668FBABE0D /* PlusJakartaSans-Bold.ttf */,
				1C9BEFB0B491B855B9724C11 /* PlusJakartaSans-ExtraBold.ttf */,
				330D85C2CFAF8D8449D44CFB /* PlusJakartaSans-Medium.ttf */,
				A628045CD65DFEA96CEAB698 /* PlusJakartaSans-Regular.ttf */,
				D70554A4F3B146713D753CCB /* PlusJakartaSans-SemiBold.ttf */,
			);
			path = Fonts;
			sourceTree = "<group>";
		};
		4B7B7268C58D1C4E247F2D24 /* Alarms */ = {
			isa = PBXGroup;
			children = (
				61FE27E6048AD138077B182F /* AlarmCenter.swift */,
				9B4AE8D80037AD7A93BFBE63 /* AlarmKitScheduler.swift */,
				BB0EB2DDD918DB5E1401D63B /* AlarmRingingView.swift */,
				1328047BD3E4DE782D7F9B0D /* AlarmTone.swift */,
			);
			path = Alarms;
			sourceTree = "<group>";
		};
		5BDA8E1AF735A6FBE5477EB4 /* Products */ = {
			isa = PBXGroup;
			children = (
				CE4EB95E47CFA68036C7DCF8 /* Earlier.app */,
			);
			name = Products;
			sourceTree = "<group>";
		};
		6A68872073F3182EC59F49EB /* Screens */ = {
			isa = PBXGroup;
			children = (
				C3433CE865A49C7B7A6B50D3 /* AlarmEditorView.swift */,
				C115A7B22EA59575F5C083CA /* AlarmView.swift */,
				6A0C7A384280188F1A1C5EE8 /* BedtimeEditorView.swift */,
				B509065AE6DB8097F658DB21 /* BedtimeGuardView.swift */,
				427BFFEBD9203FCEC7F9F5C5 /* BedtimeView.swift */,
				C7020382CB5F4D261AC03F1F /* HistoryView.swift */,
				1FAF566FB5E7E0294140845A /* HomeView.swift */,
				A8F8E2174F61ABE97F5D032F /* Overlays.swift */,
				4B60F766CDD362F80C30BA38 /* SettingsView.swift */,
				8018B51C230FC006C24F0636 /* Sheets.swift */,
				E1FF4509A5B891B04187A8E7 /* WindDownView.swift */,
			);
			path = Screens;
			sourceTree = "<group>";
		};
		836B41054D6DBDA136789907 /* Resources */ = {
			isa = PBXGroup;
			children = (
				9429A44DF1EFBAA13F19AC82 /* alarm.caf */,
				EA2429B16A6B4CD7CE98F452 /* Assets.xcassets */,
				40FC004FCBC3C659793B6E90 /* Fonts */,
			);
			path = Resources;
			sourceTree = "<group>";
		};
		958A2E35C016CA434DEF864C /* Sources */ = {
			isa = PBXGroup;
			children = (
				9C1FD6A532581113F569AD0B /* AppState.swift */,
				6C0ED96E7A00DCFD808321E8 /* Components.swift */,
				D923E0E63DDBFEA319334668 /* EarlierApp.swift */,
				71B55A8E0079701CAB3CF502 /* Icons.swift */,
				D59BE93B5C884DD76894BAC3 /* Info.plist */,
				0DC2E0E025F8F4CE2BFB7DB0 /* ModalKit.swift */,
				BB8F82491B04B9B20618DCCF /* Models.swift */,
				8D8A4444EEC5506BFFB25422 /* RootView.swift */,
				2260CAED34A5018332A69C28 /* SVG.swift */,
				568CC05EDE60B42A007A63A2 /* Theme.swift */,
				4B7B7268C58D1C4E247F2D24 /* Alarms */,
				075695B545569DE93DAE5363 /* Challenges */,
				C090FA4BC480AC90872AB100 /* Onboarding */,
				6A68872073F3182EC59F49EB /* Screens */,
				12713C2C427660EF6E9BD981 /* Store */,
			);
			path = Sources;
			sourceTree = "<group>";
		};
		C090FA4BC480AC90872AB100 /* Onboarding */ = {
			isa = PBXGroup;
			children = (
				046B5A3353ADFF95D8226F39 /* OnboardingChrome.swift */,
				F8E5C0E577FE99968BFA6274 /* OnboardingFlow.swift */,
				2F956C12B3B4B1857ABB9F6F /* OnboardingIcons.swift */,
				2080E7607159AD1C511FD2B2 /* OnboardingScreensA.swift */,
				552170F6D163029FDBBD7FA6 /* OnboardingScreensB.swift */,
				81973DE64599DF9344A7224E /* OnboardingState.swift */,
				4BA12AF213B3D3BCB74E9D47 /* PaywallScreen.swift */,
			);
			path = Onboarding;
			sourceTree = "<group>";
		};
		EECC3DB251693D28654753D2 = {
			isa = PBXGroup;
			children = (
				836B41054D6DBDA136789907 /* Resources */,
				958A2E35C016CA434DEF864C /* Sources */,
				5BDA8E1AF735A6FBE5477EB4 /* Products */,
			);
			sourceTree = "<group>";
		};
/* End PBXGroup section */

/* Begin PBXNativeTarget section */
		B82FC1F8824E772DAD74B1B2 /* Earlier */ = {
			isa = PBXNativeTarget;
			buildConfigurationList = 357D2DB4FB0DD661ABEE2727 /* Build configuration list for PBXNativeTarget "Earlier" */;
			buildPhases = (
				E75D8FE32BA05A65F1EED93C /* Sources */,
				1FA7492368D2D2634349CBC5 /* Resources */,
			);
			buildRules = (
			);
			dependencies = (
			);
			name = Earlier;
			packageProductDependencies = (
			);
			productName = Earlier;
			productReference = CE4EB95E47CFA68036C7DCF8 /* Earlier.app */;
			productType = "com.apple.product-type.application";
		};
/* End PBXNativeTarget section */

/* Begin PBXProject section */
		BC9D2BDBC7AB897AD5C57F7C /* Project object */ = {
			isa = PBXProject;
			attributes = {
				BuildIndependentTargetsInParallel = YES;
				LastUpgradeCheck = 1430;
				TargetAttributes = {
				};
			};
			buildConfigurationList = 186B278EFAF22B6B3681936F /* Build configuration list for PBXProject "Earlier" */;
			developmentRegion = en;
			hasScannedForEncodings = 0;
			knownRegions = (
				Base,
				en,
			);
			mainGroup = EECC3DB251693D28654753D2;
			minimizedProjectReferenceProxies = 1;
			preferredProjectObjectVersion = 77;
			productRefGroup = 5BDA8E1AF735A6FBE5477EB4 /* Products */;
			projectDirPath = "";
			projectRoot = "";
			targets = (
				B82FC1F8824E772DAD74B1B2 /* Earlier */,
			);
		};
/* End PBXProject section */

/* Begin PBXResourcesBuildPhase section */
		1FA7492368D2D2634349CBC5 /* Resources */ = {
			isa = PBXResourcesBuildPhase;
			buildActionMask = 2147483647;
			files = (
				13FFB7A9A6AFDFFF0814BAC9 /* Assets.xcassets in Resources */,
				E88E3ACBD9F35BAA2C33A2E1 /* PlusJakartaSans-Bold.ttf in Resources */,
				2FBD4CB8BBECD5361F6C3936 /* PlusJakartaSans-ExtraBold.ttf in Resources */,
				0B62C2E9BB68AD788F1DBB5D /* PlusJakartaSans-Medium.ttf in Resources */,
				7A6B6B649551AAB4936B028D /* PlusJakartaSans-Regular.ttf in Resources */,
				E2DE43A33ACF960592E4E21F /* PlusJakartaSans-SemiBold.ttf in Resources */,
				D5487E30D94539A3CC5BDE48 /* alarm.caf in Resources */,
			);
			runOnlyForDeploymentPostprocessing = 0;
		};
/* End PBXResourcesBuildPhase section */

/* Begin PBXSourcesBuildPhase section */
		E75D8FE32BA05A65F1EED93C /* Sources */ = {
			isa = PBXSourcesBuildPhase;
			buildActionMask = 2147483647;
			files = (
				241DC4129E2113450E14366A /* AlarmCenter.swift in Sources */,
				356F1100990764CD83E38F68 /* AlarmEditorView.swift in Sources */,
				096E0D30EC66F9E17080240C /* AlarmKitScheduler.swift in Sources */,
				129FB989703C12654E925881 /* AlarmRingingView.swift in Sources */,
				AC36688E86A0FA22671589AB /* AlarmTone.swift in Sources */,
				3B8DF5920B7F5C78A55BED97 /* AlarmView.swift in Sources */,
				2421CA3BCB56B95D7C26C5F7 /* AppLinks.swift in Sources */,
				52C89B13DD7F53230BDA5AEE /* AppState.swift in Sources */,
				B4601CAAD8A5B31CD650C889 /* BedtimeEditorView.swift in Sources */,
				704981B329895835B15E5C33 /* BedtimeGuardView.swift in Sources */,
				EC9660DB7A62080CE2AD777F /* BedtimeView.swift in Sources */,
				18ECE67626B632CF9820B25F /* BlockingStore.swift in Sources */,
				683B0AF25E6AA30CA7650583 /* ChallengeKit.swift in Sources */,
				C51AAD45F8BA7E9EEA31F490 /* Components.swift in Sources */,
				D1D379B869237E012B7F6916 /* DayPicker.swift in Sources */,
				06759C6BD423EFB4143E8C9A /* EarlierApp.swift in Sources */,
				AAE08C2C9D2D968AEE7196AE /* HistoryView.swift in Sources */,
				AAA399102C2E0E38FD8CD1BD /* HomeView.swift in Sources */,
				1ADBBD3EC9B346B30D15EAE5 /* Icons.swift in Sources */,
				66D43A1607F70BF0151FC842 /* MathChallenge.swift in Sources */,
				2C87077E2C2FCF5E5995C6CA /* ModalKit.swift in Sources */,
				1A13091BB5A5D0F2ED750C14 /* Models.swift in Sources */,
				559059AADC660DB556937780 /* OnboardingChrome.swift in Sources */,
				8D9108970C2AFABDAFC82A15 /* OnboardingFlow.swift in Sources */,
				97C501E323EABE994E911AB6 /* OnboardingIcons.swift in Sources */,
				ADF052FB5AA38CE97A0CF6C1 /* OnboardingScreensA.swift in Sources */,
				F0B23964468AAA3D7A87AA76 /* OnboardingScreensB.swift in Sources */,
				1CE0ADB54450210E7E7BE3C9 /* OnboardingState.swift in Sources */,
				0476DF28313AE4903540F910 /* Overlays.swift in Sources */,
				6983BD968B1B9D4FA3A2BFBD /* PaywallScreen.swift in Sources */,
				A7E59D88AEBA61C2B471FBB5 /* PersistModels.swift in Sources */,
				7875414EA75D1BD01FD5B184 /* ReadAloudChallenge.swift in Sources */,
				3833D62AC427976C3B16C6B8 /* RepsChallenge.swift in Sources */,
				CD839BE0DD0B96D3E807ED62 /* RootView.swift in Sources */,
				09A33A118E77C49D233CB600 /* SVG.swift in Sources */,
				D7C24B56BF7422BA9CE7AD25 /* SettingsView.swift in Sources */,
				C13A1BE42174F9E87687050E /* Sheets.swift in Sources */,
				6B5458279D30D0B5D36318C4 /* Stats.swift in Sources */,
				B41180A000145F99F227AFAF /* SupabaseConfig.swift in Sources */,
				A737AB4A62E7083E5C45C98B /* Theme.swift in Sources */,
				83A77003590D5E5339B47224 /* WindDownView.swift in Sources */,
			);
			runOnlyForDeploymentPostprocessing = 0;
		};
/* End PBXSourcesBuildPhase section */

/* Begin XCBuildConfiguration section */
		19CD2CD7B464C1DE0720BDEA /* Release */ = {
			isa = XCBuildConfiguration;
			buildSettings = {
				ALWAYS_SEARCH_USER_PATHS = NO;
				CODE_SIGNING_ALLOWED = NO;
				CODE_SIGNING_REQUIRED = NO;
				CODE_SIGN_IDENTITY = "";
				CURRENT_PROJECT_VERSION = 1;
				GENERATE_INFOPLIST_FILE = NO;
				IPHONEOS_DEPLOYMENT_TARGET = 26.0;
				MARKETING_VERSION = 1.0.0;
				SDKROOT = iphoneos;
				SWIFT_VERSION = 5.0;
			};
			name = Release;
		};
		23087E5E5ED35D8C58732378 /* Debug */ = {
			isa = XCBuildConfiguration;
			buildSettings = {
				ASSETCATALOG_COMPILER_APPICON_NAME = AppIcon;
				INFOPLIST_FILE = Sources/Info.plist;
				PRODUCT_BUNDLE_IDENTIFIER = com.earlier.app;
				PRODUCT_NAME = Earlier;
				SWIFT_VERSION = 5.0;
			};
			name = Debug;
		};
		94C9CB2DD38A93E55F90D882 /* Release */ = {
			isa = XCBuildConfiguration;
			buildSettings = {
				ASSETCATALOG_COMPILER_APPICON_NAME = AppIcon;
				INFOPLIST_FILE = Sources/Info.plist;
				PRODUCT_BUNDLE_IDENTIFIER = com.earlier.app;
				PRODUCT_NAME = Earlier;
				SWIFT_VERSION = 5.0;
			};
			name = Release;
		};
		E010AF18276674C5D2E7185B /* Debug */ = {
			isa = XCBuildConfiguration;
			buildSettings = {
				ALWAYS_SEARCH_USER_PATHS = NO;
				CODE_SIGNING_ALLOWED = NO;
				CODE_SIGNING_REQUIRED = NO;
				CODE_SIGN_IDENTITY = "";
				CURRENT_PROJECT_VERSION = 1;
				GENERATE_INFOPLIST_FILE = NO;
				IPHONEOS_DEPLOYMENT_TARGET = 26.0;
				MARKETING_VERSION = 1.0.0;
				SDKROOT = iphoneos;
				SWIFT_VERSION = 5.0;
			};
			name = Debug;
		};
/* End XCBuildConfiguration section */

/* Begin XCConfigurationList section */
		186B278EFAF22B6B3681936F /* Build configuration list for PBXProject "Earlier" */ = {
			isa = XCConfigurationList;
			buildConfigurations = (
				E010AF18276674C5D2E7185B /* Debug */,
				19CD2CD7B464C1DE0720BDEA /* Release */,
			);
			defaultConfigurationIsVisible = 0;
			defaultConfigurationName = Debug;
		};
		357D2DB4FB0DD661ABEE2727 /* Build configuration list for PBXNativeTarget "Earlier" */ = {
			isa = XCConfigurationList;
			buildConfigurations = (
				23087E5E5ED35D8C58732378 /* Debug */,
				94C9CB2DD38A93E55F90D882 /* Release */,
			);
			defaultConfigurationIsVisible = 0;
			defaultConfigurationName = Debug;
		};
/* End XCConfigurationList section */
	};
	rootObject = BC9D2BDBC7AB897AD5C57F7C /* Project object */;
}
